
Microsoft Visual Studio Solution File, Format Version 12.00
# Visual Studio 2013
VisualStudioVersion = 12.0.31101.0
MinimumVisualStudioVersion = 10.0.40219.1
Project("{F184B08F-C81C-45F6-A57F-5ABD9991F28F}") = "VBGatewayProxy", "VBGatewayProxy\VBGatewayProxy.vbproj", "{C914B00E-763E-4109-89BF-1A54251C453D}"
EndProject
Global
	GlobalSection(SolutionConfigurationPlatforms) = preSolution
		Debug|Any CPU = Debug|Any CPU
		Release|Any CPU = Release|Any CPU
	EndGlobalSection
	GlobalSection(ProjectConfigurationPlatforms) = postSolution
		{C914B00E-763E-4109-89BF-1A54251C453D}.Debug|Any CPU.ActiveCfg = Debug|Any CPU
		{C914B00E-763E-4109-89BF-1A54251C453D}.Debug|Any CPU.Build.0 = Debug|Any CPU
		{C914B00E-763E-4109-89BF-1A54251C453D}.Release|Any CPU.ActiveCfg = Release|Any CPU
		{C914B00E-763E-4109-89BF-1A54251C453D}.Release|Any CPU.Build.0 = Release|Any CPU
	EndGlobalSection
	GlobalSection(SolutionProperties) = preSolution
		HideSolutionNode = FALSE
	EndGlobalSection
EndGlobal
